
Microsoft Visual Studio Solution File, Format Version 12.00
# Visual Studio 15
VisualStudioVersion = 15.0.27428.2015
MinimumVisualStudioVersion = 10.0.40219.1
Project("{8BC9CEB8-8B4A-11D0-8D11-00A0C91BC942}") = "Ruina", "Ruina\Ruina.vcxproj", "{370930C4-2C85-44CB-9B37-15F17D3495BC}"
EndProject
Global
	GlobalSection(SolutionConfigurationPlatforms) = preSolution
		Debug|x64 = Debug|x64
		Debug|x86 = Debug|x86
		Release|x64 = Release|x64
		Release|x86 = Release|x86
	EndGlobalSection
	GlobalSection(ProjectConfigurationPlatforms) = postSolution
		{370930C4-2C85-44CB-9B37-15F17D3495BC}.Debug|x64.ActiveCfg = Debug|x64
		{370930C4-2C85-44CB-9B37-15F17D3495BC}.Debug|x64.Build.0 = Debug|x64
		{370930C4-2C85-44CB-9B37-15F17D3495BC}.Debug|x86.ActiveCfg = Debug|Win32
		{370930C4-2C85-44CB-9B37-15F17D3495BC}.Debug|x86.Build.0 = Debug|Win32
		{370930C4-2C85-44CB-9B37-15F17D3495BC}.Release|x64.ActiveCfg = Release|x64
		{370930C4-2C85-44CB-9B37-15F17D3495BC}.Release|x64.Build.0 = Release|x64
		{370930C4-2C85-44CB-9B37-15F17D3495BC}.Release|x86.ActiveCfg = Release|Win32
		{370930C4-2C85-44CB-9B37-15F17D3495BC}.Release|x86.Build.0 = Release|Win32
	EndGlobalSection
	GlobalSection(SolutionProperties) = preSolution
		HideSolutionNode = FALSE
	EndGlobalSection
	GlobalSection(ExtensibilityGlobals) = postSolution
		SolutionGuid = {982D5234-A1AF-4E76-830B-C5C587B1153A}
	EndGlobalSection
EndGlobal
